{
  "name": "asp.net",
  "version": "1.0.0",
  "lockfileVersion": 1,
  "requires": true,
  "dependencies": {
    "jquery": {
      "version": "3.4.1",
      "resolved": "https://registry.npmjs.org/jquery/-/jquery-3.4.1.tgz",
      "integrity": "sha512-36+AdBzCL+y6qjw5Tx7HgzeGCzC81MDDgaUP8ld2zhx58HdqXGoBd+tHdrBMiyjGQs0Hxs/MLZTu/eHNJJuWPw=="
    },
    "kendo-ui-core": {
      "version": "2019.2.514",
      "resolved": "https://registry.npmjs.org/kendo-ui-core/-/kendo-ui-core-2019.2.514.tgz",
      "integrity": "sha512-+Vx/cN12490bc+xz9gcSusyuvQP/mST/9uwVoWzKHp6ph+QrPYc727xH6nbsCDCwJuIdyltOfYSobMnPadz+lg==",
      "requires": {
        "jquery": "<=3"
      }
    }
  }
}
